
Microsoft Visual Studio Solution File, Format Version 12.00
# Visual Studio 14
VisualStudioVersion = 14.0.25420.1
MinimumVisualStudioVersion = 10.0.40219.1
Project("{FAE04EC0-301F-11D3-BF4B-00C04F79EFBC}") = "GameStore.DAL.Models", "GameStore.DAL.Models\GameStore.DAL.Models.csproj", "{085381EB-9A81-4EE6-88D2-1D9CB3B628FC}"
EndProject
Project("{FAE04EC0-301F-11D3-BF4B-00C04F79EFBC}") = "GameStore.DAL.Interfaces", "GameStore.DAL.Interfaces\GameStore.DAL.Interfaces.csproj", "{1751B8E5-71F6-4FAA-BAFB-52169704D2FC}"
EndProject
Project("{FAE04EC0-301F-11D3-BF4B-00C04F79EFBC}") = "GameStore.DAL.EF", "GameStore.DAL.EF\GameStore.DAL.EF.csproj", "{FF2E5C06-E5CA-43A5-BB34-E6C41CFBECC0}"
EndProject
Project("{FAE04EC0-301F-11D3-BF4B-00C04F79EFBC}") = "GameStore.BLL.Entities", "GameStore.BLL.Entities\GameStore.BLL.Entities.csproj", "{69F644C2-F8F2-4FFD-8861-07F1560E8DB5}"
EndProject
Project("{FAE04EC0-301F-11D3-BF4B-00C04F79EFBC}") = "GameStore.BLL.Interfaces", "GameStore.BLL.Interfaces\GameStore.BLL.Interfaces.csproj", "{712CEB94-298A-4E3A-A0D7-FCF80F27289D}"
EndProject
Project("{FAE04EC0-301F-11D3-BF4B-00C04F79EFBC}") = "GameStore.BLL.Infrastructure", "GameStore.BLL.Infrastructure\GameStore.BLL.Infrastructure.csproj", "{B1621094-2E1D-498E-B7CC-3464AB1A8D7B}"
EndProject
Project("{FAE04EC0-301F-11D3-BF4B-00C04F79EFBC}") = "GameStore.BLL.IocAutofac", "GameStore.BLL.IocAutofac\GameStore.BLL.IocAutofac.csproj", "{E098E94B-D68E-426D-A8A5-D2C17EA43446}"
EndProject
Project("{FAE04EC0-301F-11D3-BF4B-00C04F79EFBC}") = "GameStore.BLL.Services", "GameStore.BLL.Services\GameStore.BLL.Services.csproj", "{8B8BC54F-D540-448F-814E-1E9482B59670}"
EndProject
Project("{FAE04EC0-301F-11D3-BF4B-00C04F79EFBC}") = "GameStore.WEB.UnitTests", "GameStore.WEB.UnitTests\GameStore.WEB.UnitTests.csproj", "{9B5B6B60-D5A7-4BFA-85D6-21360A9480D5}"
EndProject
Project("{FAE04EC0-301F-11D3-BF4B-00C04F79EFBC}") = "GameStore.WEB.Infrastructure", "GameStore.WEB.Infrastructure\GameStore.WEB.Infrastructure.csproj", "{98C3E078-51E7-4747-A9DE-911536F1332A}"
EndProject
Project("{2150E333-8FDC-42A3-9474-1A3956D46DE8}") = "GameStore.BLL", "GameStore.BLL", "{DAECF787-19A7-40A6-B88F-A2C9534CE141}"
EndProject
Project("{2150E333-8FDC-42A3-9474-1A3956D46DE8}") = "GameStore.DAL", "GameStore.DAL", "{1A5F206A-84C2-407E-92EC-B24C6AD16E5D}"
EndProject
Project("{2150E333-8FDC-42A3-9474-1A3956D46DE8}") = "GameStore.WEB", "GameStore.WEB", "{72564D9D-19D2-49F9-A9B3-33E9C469A5BB}"
EndProject
Project("{FAE04EC0-301F-11D3-BF4B-00C04F79EFBC}") = "GameStore.WEB.MVC", "GameStore.WEB.MVC\GameStore.WEB.MVC.csproj", "{577EBDE7-7E63-4343-A9E2-11024210A97E}"
EndProject
Project("{FAE04EC0-301F-11D3-BF4B-00C04F79EFBC}") = "GameStore.BLL.UnitTests", "GameStore.BLL.UnitTests\GameStore.BLL.UnitTests.csproj", "{C572AC4F-89F8-4255-9C88-7665E4B6BC27}"
EndProject
Global
	GlobalSection(SolutionConfigurationPlatforms) = preSolution
		Debug|Any CPU = Debug|Any CPU
		Release|Any CPU = Release|Any CPU
	EndGlobalSection
	GlobalSection(ProjectConfigurationPlatforms) = postSolution
		{085381EB-9A81-4EE6-88D2-1D9CB3B628FC}.Debug|Any CPU.ActiveCfg = Debug|Any CPU
		{085381EB-9A81-4EE6-88D2-1D9CB3B628FC}.Debug|Any CPU.Build.0 = Debug|Any CPU
		{085381EB-9A81-4EE6-88D2-1D9CB3B628FC}.Release|Any CPU.ActiveCfg = Release|Any CPU
		{085381EB-9A81-4EE6-88D2-1D9CB3B628FC}.Release|Any CPU.Build.0 = Release|Any CPU
		{1751B8E5-71F6-4FAA-BAFB-52169704D2FC}.Debug|Any CPU.ActiveCfg = Debug|Any CPU
		{1751B8E5-71F6-4FAA-BAFB-52169704D2FC}.Debug|Any CPU.Build.0 = Debug|Any CPU
		{1751B8E5-71F6-4FAA-BAFB-52169704D2FC}.Release|Any CPU.ActiveCfg = Release|Any CPU
		{1751B8E5-71F6-4FAA-BAFB-52169704D2FC}.Release|Any CPU.Build.0 = Release|Any CPU
		{FF2E5C06-E5CA-43A5-BB34-E6C41CFBECC0}.Debug|Any CPU.ActiveCfg = Debug|Any CPU
		{FF2E5C06-E5CA-43A5-BB34-E6C41CFBECC0}.Debug|Any CPU.Build.0 = Debug|Any CPU
		{FF2E5C06-E5CA-43A5-BB34-E6C41CFBECC0}.Release|Any CPU.ActiveCfg = Release|Any CPU
		{FF2E5C06-E5CA-43A5-BB34-E6C41CFBECC0}.Release|Any CPU.Build.0 = Release|Any CPU
		{69F644C2-F8F2-4FFD-8861-07F1560E8DB5}.Debug|Any CPU.ActiveCfg = Debug|Any CPU
		{69F644C2-F8F2-4FFD-8861-07F1560E8DB5}.Debug|Any CPU.Build.0 = Debug|Any CPU
		{69F644C2-F8F2-4FFD-8861-07F1560E8DB5}.Release|Any CPU.ActiveCfg = Release|Any CPU
		{69F644C2-F8F2-4FFD-8861-07F1560E8DB5}.Release|Any CPU.Build.0 = Release|Any CPU
		{712CEB94-298A-4E3A-A0D7-FCF80F27289D}.Debug|Any CPU.ActiveCfg = Debug|Any CPU
		{712CEB94-298A-4E3A-A0D7-FCF80F27289D}.Debug|Any CPU.Build.0 = Debug|Any CPU
		{712CEB94-298A-4E3A-A0D7-FCF80F27289D}.Release|Any CPU.ActiveCfg = Release|Any CPU
		{712CEB94-298A-4E3A-A0D7-FCF80F27289D}.Release|Any CPU.Build.0 = Release|Any CPU
		{B1621094-2E1D-498E-B7CC-3464AB1A8D7B}.Debug|Any CPU.ActiveCfg = Debug|Any CPU
		{B1621094-2E1D-498E-B7CC-3464AB1A8D7B}.Debug|Any CPU.Build.0 = Debug|Any CPU
		{B1621094-2E1D-498E-B7CC-3464AB1A8D7B}.Release|Any CPU.ActiveCfg = Release|Any CPU
		{B1621094-2E1D-498E-B7CC-3464AB1A8D7B}.Release|Any CPU.Build.0 = Release|Any CPU
		{E098E94B-D68E-426D-A8A5-D2C17EA43446}.Debug|Any CPU.ActiveCfg = Debug|Any CPU
		{E098E94B-D68E-426D-A8A5-D2C17EA43446}.Debug|Any CPU.Build.0 = Debug|Any CPU
		{E098E94B-D68E-426D-A8A5-D2C17EA43446}.Release|Any CPU.ActiveCfg = Release|Any CPU
		{E098E94B-D68E-426D-A8A5-D2C17EA43446}.Release|Any CPU.Build.0 = Release|Any CPU
		{8B8BC54F-D540-448F-814E-1E9482B59670}.Debug|Any CPU.ActiveCfg = Debug|Any CPU
		{8B8BC54F-D540-448F-814E-1E9482B59670}.Debug|Any CPU.Build.0 = Debug|Any CPU
		{8B8BC54F-D540-448F-814E-1E9482B59670}.Release|Any CPU.ActiveCfg = Release|Any CPU
		{8B8BC54F-D540-448F-814E-1E9482B59670}.Release|Any CPU.Build.0 = Release|Any CPU
		{9B5B6B60-D5A7-4BFA-85D6-21360A9480D5}.Debug|Any CPU.ActiveCfg = Debug|Any CPU
		{9B5B6B60-D5A7-4BFA-85D6-21360A9480D5}.Debug|Any CPU.Build.0 = Debug|Any CPU
		{9B5B6B60-D5A7-4BFA-85D6-21360A9480D5}.Release|Any CPU.ActiveCfg = Release|Any CPU
		{9B5B6B60-D5A7-4BFA-85D6-21360A9480D5}.Release|Any CPU.Build.0 = Release|Any CPU
		{98C3E078-51E7-4747-A9DE-911536F1332A}.Debug|Any CPU.ActiveCfg = Debug|Any CPU
		{98C3E078-51E7-4747-A9DE-911536F1332A}.Debug|Any CPU.Build.0 = Debug|Any CPU
		{98C3E078-51E7-4747-A9DE-911536F1332A}.Release|Any CPU.ActiveCfg = Release|Any CPU
		{98C3E078-51E7-4747-A9DE-911536F1332A}.Release|Any CPU.Build.0 = Release|Any CPU
		{577EBDE7-7E63-4343-A9E2-11024210A97E}.Debug|Any CPU.ActiveCfg = Debug|Any CPU
		{577EBDE7-7E63-4343-A9E2-11024210A97E}.Debug|Any CPU.Build.0 = Debug|Any CPU
		{577EBDE7-7E63-4343-A9E2-11024210A97E}.Release|Any CPU.ActiveCfg = Release|Any CPU
		{577EBDE7-7E63-4343-A9E2-11024210A97E}.Release|Any CPU.Build.0 = Release|Any CPU
		{C572AC4F-89F8-4255-9C88-7665E4B6BC27}.Debug|Any CPU.ActiveCfg = Debug|Any CPU
		{C572AC4F-89F8-4255-9C88-7665E4B6BC27}.Debug|Any CPU.Build.0 = Debug|Any CPU
		{C572AC4F-89F8-4255-9C88-7665E4B6BC27}.Release|Any CPU.ActiveCfg = Release|Any CPU
		{C572AC4F-89F8-4255-9C88-7665E4B6BC27}.Release|Any CPU.Build.0 = Release|Any CPU
	EndGlobalSection
	GlobalSection(SolutionProperties) = preSolution
		HideSolutionNode = FALSE
	EndGlobalSection
	GlobalSection(NestedProjects) = preSolution
		{085381EB-9A81-4EE6-88D2-1D9CB3B628FC} = {1A5F206A-84C2-407E-92EC-B24C6AD16E5D}
		{1751B8E5-71F6-4FAA-BAFB-52169704D2FC} = {1A5F206A-84C2-407E-92EC-B24C6AD16E5D}
		{FF2E5C06-E5CA-43A5-BB34-E6C41CFBECC0} = {1A5F206A-84C2-407E-92EC-B24C6AD16E5D}
		{69F644C2-F8F2-4FFD-8861-07F1560E8DB5} = {DAECF787-19A7-40A6-B88F-A2C9534CE141}
		{712CEB94-298A-4E3A-A0D7-FCF80F27289D} = {DAECF787-19A7-40A6-B88F-A2C9534CE141}
		{B1621094-2E1D-498E-B7CC-3464AB1A8D7B} = {DAECF787-19A7-40A6-B88F-A2C9534CE141}
		{E098E94B-D68E-426D-A8A5-D2C17EA43446} = {DAECF787-19A7-40A6-B88F-A2C9534CE141}
		{8B8BC54F-D540-448F-814E-1E9482B59670} = {DAECF787-19A7-40A6-B88F-A2C9534CE141}
		{9B5B6B60-D5A7-4BFA-85D6-21360A9480D5} = {72564D9D-19D2-49F9-A9B3-33E9C469A5BB}
		{98C3E078-51E7-4747-A9DE-911536F1332A} = {72564D9D-19D2-49F9-A9B3-33E9C469A5BB}
		{577EBDE7-7E63-4343-A9E2-11024210A97E} = {72564D9D-19D2-49F9-A9B3-33E9C469A5BB}
		{C572AC4F-89F8-4255-9C88-7665E4B6BC27} = {DAECF787-19A7-40A6-B88F-A2C9534CE141}
	EndGlobalSection
EndGlobal
