
Microsoft Visual Studio Solution File, Format Version 12.00
# Visual Studio 14
VisualStudioVersion = 14.0.25420.1
MinimumVisualStudioVersion = 10.0.40219.1
Project("{FAE04EC0-301F-11D3-BF4B-00C04F79EFBC}") = "WEB.MVC", "WEB.MVC.csproj", "{98229526-F67C-46E6-8722-9EBAD632BBEF}"
EndProject
Project("{2150E333-8FDC-42A3-9474-1A3956D46DE8}") = "Web", "Web", "{53C5813A-DE62-43DF-97C6-DBB14AF7243E}"
EndProject
Project("{2150E333-8FDC-42A3-9474-1A3956D46DE8}") = "BLL", "BLL", "{4CD09165-0291-4ED5-BB8F-D157AA44A922}"
EndProject
Project("{2150E333-8FDC-42A3-9474-1A3956D46DE8}") = "DAL", "DAL", "{569387A5-6B3F-4CD8-8638-4BA097D22BA9}"
EndProject
Project("{FAE04EC0-301F-11D3-BF4B-00C04F79EFBC}") = "DAL.Models", "..\DAL.Models\DAL.Models.csproj", "{085381EB-9A81-4EE6-88D2-1D9CB3B628FC}"
EndProject
Project("{FAE04EC0-301F-11D3-BF4B-00C04F79EFBC}") = "DAL.Interfaces", "..\DAL.Interfaces\DAL.Interfaces.csproj", "{1751B8E5-71F6-4FAA-BAFB-52169704D2FC}"
EndProject
Project("{FAE04EC0-301F-11D3-BF4B-00C04F79EFBC}") = "DAL.EF", "..\DAL.EF\DAL.EF.csproj", "{FF2E5C06-E5CA-43A5-BB34-E6C41CFBECC0}"
EndProject
Project("{FAE04EC0-301F-11D3-BF4B-00C04F79EFBC}") = "BLL.Core", "..\BLL.Core\BLL.Core.csproj", "{038157C0-EB4F-4847-8FB8-A8463E87D8E8}"
EndProject
Project("{FAE04EC0-301F-11D3-BF4B-00C04F79EFBC}") = "BLL.IocAutofac", "..\BLL.IocAutofac\BLL.IocAutofac.csproj", "{E098E94B-D68E-426D-A8A5-D2C17EA43446}"
EndProject
Project("{FAE04EC0-301F-11D3-BF4B-00C04F79EFBC}") = "BLL.Infrastructure", "..\BLL.Infrastructure\BLL.Infrastructure.csproj", "{B1621094-2E1D-498E-B7CC-3464AB1A8D7B}"
EndProject
Project("{FAE04EC0-301F-11D3-BF4B-00C04F79EFBC}") = "BLL.Services", "BLL.Services\BLL.Services.csproj", "{8B8BC54F-D540-448F-814E-1E9482B59670}"
EndProject
Global
	GlobalSection(SolutionConfigurationPlatforms) = preSolution
		Debug|Any CPU = Debug|Any CPU
		Release|Any CPU = Release|Any CPU
	EndGlobalSection
	GlobalSection(ProjectConfigurationPlatforms) = postSolution
		{98229526-F67C-46E6-8722-9EBAD632BBEF}.Debug|Any CPU.ActiveCfg = Debug|Any CPU
		{98229526-F67C-46E6-8722-9EBAD632BBEF}.Debug|Any CPU.Build.0 = Debug|Any CPU
		{98229526-F67C-46E6-8722-9EBAD632BBEF}.Release|Any CPU.ActiveCfg = Release|Any CPU
		{98229526-F67C-46E6-8722-9EBAD632BBEF}.Release|Any CPU.Build.0 = Release|Any CPU
		{085381EB-9A81-4EE6-88D2-1D9CB3B628FC}.Debug|Any CPU.ActiveCfg = Debug|Any CPU
		{085381EB-9A81-4EE6-88D2-1D9CB3B628FC}.Debug|Any CPU.Build.0 = Debug|Any CPU
		{085381EB-9A81-4EE6-88D2-1D9CB3B628FC}.Release|Any CPU.ActiveCfg = Release|Any CPU
		{085381EB-9A81-4EE6-88D2-1D9CB3B628FC}.Release|Any CPU.Build.0 = Release|Any CPU
		{1751B8E5-71F6-4FAA-BAFB-52169704D2FC}.Debug|Any CPU.ActiveCfg = Debug|Any CPU
		{1751B8E5-71F6-4FAA-BAFB-52169704D2FC}.Debug|Any CPU.Build.0 = Debug|Any CPU
		{1751B8E5-71F6-4FAA-BAFB-52169704D2FC}.Release|Any CPU.ActiveCfg = Release|Any CPU
		{1751B8E5-71F6-4FAA-BAFB-52169704D2FC}.Release|Any CPU.Build.0 = Release|Any CPU
		{FF2E5C06-E5CA-43A5-BB34-E6C41CFBECC0}.Debug|Any CPU.ActiveCfg = Debug|Any CPU
		{FF2E5C06-E5CA-43A5-BB34-E6C41CFBECC0}.Debug|Any CPU.Build.0 = Debug|Any CPU
		{FF2E5C06-E5CA-43A5-BB34-E6C41CFBECC0}.Release|Any CPU.ActiveCfg = Release|Any CPU
		{FF2E5C06-E5CA-43A5-BB34-E6C41CFBECC0}.Release|Any CPU.Build.0 = Release|Any CPU
		{038157C0-EB4F-4847-8FB8-A8463E87D8E8}.Debug|Any CPU.ActiveCfg = Debug|Any CPU
		{038157C0-EB4F-4847-8FB8-A8463E87D8E8}.Debug|Any CPU.Build.0 = Debug|Any CPU
		{038157C0-EB4F-4847-8FB8-A8463E87D8E8}.Release|Any CPU.ActiveCfg = Release|Any CPU
		{038157C0-EB4F-4847-8FB8-A8463E87D8E8}.Release|Any CPU.Build.0 = Release|Any CPU
		{E098E94B-D68E-426D-A8A5-D2C17EA43446}.Debug|Any CPU.ActiveCfg = Debug|Any CPU
		{E098E94B-D68E-426D-A8A5-D2C17EA43446}.Debug|Any CPU.Build.0 = Debug|Any CPU
		{E098E94B-D68E-426D-A8A5-D2C17EA43446}.Release|Any CPU.ActiveCfg = Release|Any CPU
		{E098E94B-D68E-426D-A8A5-D2C17EA43446}.Release|Any CPU.Build.0 = Release|Any CPU
		{B1621094-2E1D-498E-B7CC-3464AB1A8D7B}.Debug|Any CPU.ActiveCfg = Debug|Any CPU
		{B1621094-2E1D-498E-B7CC-3464AB1A8D7B}.Debug|Any CPU.Build.0 = Debug|Any CPU
		{B1621094-2E1D-498E-B7CC-3464AB1A8D7B}.Release|Any CPU.ActiveCfg = Release|Any CPU
		{B1621094-2E1D-498E-B7CC-3464AB1A8D7B}.Release|Any CPU.Build.0 = Release|Any CPU
		{8B8BC54F-D540-448F-814E-1E9482B59670}.Debug|Any CPU.ActiveCfg = Debug|Any CPU
		{8B8BC54F-D540-448F-814E-1E9482B59670}.Debug|Any CPU.Build.0 = Debug|Any CPU
		{8B8BC54F-D540-448F-814E-1E9482B59670}.Release|Any CPU.ActiveCfg = Release|Any CPU
		{8B8BC54F-D540-448F-814E-1E9482B59670}.Release|Any CPU.Build.0 = Release|Any CPU
	EndGlobalSection
	GlobalSection(SolutionProperties) = preSolution
		HideSolutionNode = FALSE
	EndGlobalSection
	GlobalSection(NestedProjects) = preSolution
		{98229526-F67C-46E6-8722-9EBAD632BBEF} = {53C5813A-DE62-43DF-97C6-DBB14AF7243E}
		{085381EB-9A81-4EE6-88D2-1D9CB3B628FC} = {569387A5-6B3F-4CD8-8638-4BA097D22BA9}
		{1751B8E5-71F6-4FAA-BAFB-52169704D2FC} = {569387A5-6B3F-4CD8-8638-4BA097D22BA9}
		{FF2E5C06-E5CA-43A5-BB34-E6C41CFBECC0} = {569387A5-6B3F-4CD8-8638-4BA097D22BA9}
		{038157C0-EB4F-4847-8FB8-A8463E87D8E8} = {4CD09165-0291-4ED5-BB8F-D157AA44A922}
		{E098E94B-D68E-426D-A8A5-D2C17EA43446} = {4CD09165-0291-4ED5-BB8F-D157AA44A922}
		{B1621094-2E1D-498E-B7CC-3464AB1A8D7B} = {4CD09165-0291-4ED5-BB8F-D157AA44A922}
		{8B8BC54F-D540-448F-814E-1E9482B59670} = {4CD09165-0291-4ED5-BB8F-D157AA44A922}
	EndGlobalSection
EndGlobal
